
Microsoft Visual Studio Solution File, Format Version 12.00
# Visual Studio 15
VisualStudioVersion = 15.0.28010.2036
MinimumVisualStudioVersion = 10.0.40219.1
Project("{FAE04EC0-301F-11D3-BF4B-00C04F79EFBC}") = "BBKBootCamp", "BBKBootCamp\BBKBootCamp.csproj", "{B051B670-B351-4475-9B6F-F663A12539E6}"
EndProject
Global
	GlobalSection(SolutionConfigurationPlatforms) = preSolution
		Debug|Any CPU = Debug|Any CPU
		Release|Any CPU = Release|Any CPU
	EndGlobalSection
	GlobalSection(ProjectConfigurationPlatforms) = postSolution
		{B051B670-B351-4475-9B6F-F663A12539E6}.Debug|Any CPU.ActiveCfg = Debug|Any CPU
		{B051B670-B351-4475-9B6F-F663A12539E6}.Debug|Any CPU.Build.0 = Debug|Any CPU
		{B051B670-B351-4475-9B6F-F663A12539E6}.Release|Any CPU.ActiveCfg = Release|Any CPU
		{B051B670-B351-4475-9B6F-F663A12539E6}.Release|Any CPU.Build.0 = Release|Any CPU
	EndGlobalSection
	GlobalSection(SolutionProperties) = preSolution
		HideSolutionNode = FALSE
	EndGlobalSection
	GlobalSection(ExtensibilityGlobals) = postSolution
		SolutionGuid = {DC877B55-10AE-4598-8D77-627E7C8CE6B3}
	EndGlobalSection
EndGlobal
